
Microsoft Visual Studio Solution File, Format Version 12.00
# Visual Studio 15
VisualStudioVersion = 15.0.27703.2035
MinimumVisualStudioVersion = 10.0.40219.1
Project("{FAE04EC0-301F-11D3-BF4B-00C04F79EFBC}") = "Katalye.Exporter", "src\Katalye.Exporter\Katalye.Exporter.csproj", "{2AEAB07A-4058-4012-8CEF-5B41FDEC6BDF}"
EndProject
Global
	GlobalSection(SolutionConfigurationPlatforms) = preSolution
		Debug|Any CPU = Debug|Any CPU
		Release|Any CPU = Release|Any CPU
	EndGlobalSection
	GlobalSection(ProjectConfigurationPlatforms) = postSolution
		{2AEAB07A-4058-4012-8CEF-5B41FDEC6BDF}.Debug|Any CPU.ActiveCfg = Debug|Any CPU
		{2AEAB07A-4058-4012-8CEF-5B41FDEC6BDF}.Debug|Any CPU.Build.0 = Debug|Any CPU
		{2AEAB07A-4058-4012-8CEF-5B41FDEC6BDF}.Release|Any CPU.ActiveCfg = Release|Any CPU
		{2AEAB07A-4058-4012-8CEF-5B41FDEC6BDF}.Release|Any CPU.Build.0 = Release|Any CPU
	EndGlobalSection
	GlobalSection(SolutionProperties) = preSolution
		HideSolutionNode = FALSE
	EndGlobalSection
	GlobalSection(ExtensibilityGlobals) = postSolution
		SolutionGuid = {21E6D556-C3C0-4260-87F6-7E2F2134A3CD}
	EndGlobalSection
EndGlobal
